
Microsoft Visual Studio Solution File, Format Version 12.00
# Visual Studio 15
VisualStudioVersion = 15.0.27130.2010
MinimumVisualStudioVersion = 10.0.40219.1
Project("{FAE04EC0-301F-11D3-BF4B-00C04F79EFBC}") = "FacialStuff", "RW_FacialStuff\FacialStuff.csproj", "{F3DA945B-AB1B-492C-9C59-A17E61362AA5}"
EndProject
Project("{FAE04EC0-301F-11D3-BF4B-00C04F79EFBC}") = "AlienFaces", "..\..\AlienFaces\Source\AlienFaces.csproj", "{40303C5F-797B-41AD-A128-5EE0016D1D02}"
EndProject
Global
	GlobalSection(SolutionConfigurationPlatforms) = preSolution
		Debug|Any CPU = Debug|Any CPU
		NoCCL|Any CPU = NoCCL|Any CPU
		RebuildHeads|Any CPU = RebuildHeads|Any CPU
		Release|Any CPU = Release|Any CPU
	EndGlobalSection
	GlobalSection(ProjectConfigurationPlatforms) = postSolution
		{F3DA945B-AB1B-492C-9C59-A17E61362AA5}.Debug|Any CPU.ActiveCfg = Debug|Any CPU
		{F3DA945B-AB1B-492C-9C59-A17E61362AA5}.Debug|Any CPU.Build.0 = Debug|Any CPU
		{F3DA945B-AB1B-492C-9C59-A17E61362AA5}.NoCCL|Any CPU.ActiveCfg = Release|Any CPU
		{F3DA945B-AB1B-492C-9C59-A17E61362AA5}.NoCCL|Any CPU.Build.0 = Release|Any CPU
		{F3DA945B-AB1B-492C-9C59-A17E61362AA5}.RebuildHeads|Any CPU.ActiveCfg = Release|Any CPU
		{F3DA945B-AB1B-492C-9C59-A17E61362AA5}.RebuildHeads|Any CPU.Build.0 = Release|Any CPU
		{F3DA945B-AB1B-492C-9C59-A17E61362AA5}.Release|Any CPU.ActiveCfg = Release|Any CPU
		{F3DA945B-AB1B-492C-9C59-A17E61362AA5}.Release|Any CPU.Build.0 = Release|Any CPU
		{40303C5F-797B-41AD-A128-5EE0016D1D02}.Debug|Any CPU.ActiveCfg = Debug|Any CPU
		{40303C5F-797B-41AD-A128-5EE0016D1D02}.Debug|Any CPU.Build.0 = Debug|Any CPU
		{40303C5F-797B-41AD-A128-5EE0016D1D02}.NoCCL|Any CPU.ActiveCfg = Release|Any CPU
		{40303C5F-797B-41AD-A128-5EE0016D1D02}.NoCCL|Any CPU.Build.0 = Release|Any CPU
		{40303C5F-797B-41AD-A128-5EE0016D1D02}.RebuildHeads|Any CPU.ActiveCfg = Release|Any CPU
		{40303C5F-797B-41AD-A128-5EE0016D1D02}.RebuildHeads|Any CPU.Build.0 = Release|Any CPU
		{40303C5F-797B-41AD-A128-5EE0016D1D02}.Release|Any CPU.ActiveCfg = Release|Any CPU
		{40303C5F-797B-41AD-A128-5EE0016D1D02}.Release|Any CPU.Build.0 = Release|Any CPU
	EndGlobalSection
	GlobalSection(SolutionProperties) = preSolution
		HideSolutionNode = FALSE
	EndGlobalSection
	GlobalSection(ExtensibilityGlobals) = postSolution
		SolutionGuid = {F46B3471-286B-485D-9678-025E499ACE9B}
	EndGlobalSection
EndGlobal
